
Microsoft Visual Studio Solution File, Format Version 12.00
# Visual Studio Version 16
VisualStudioVersion = 16.0.31402.337
MinimumVisualStudioVersion = 10.0.40219.1
Project("{FAE04EC0-301F-11D3-BF4B-00C04F79EFBC}") = "ParsingEnums", "ParsingEnums\ParsingEnums.csproj", "{5AA54231-06C0-44B5-A411-317EC9D0F52A}"
EndProject
Global
	GlobalSection(SolutionConfigurationPlatforms) = preSolution
		Debug|Any CPU = Debug|Any CPU
		Release|Any CPU = Release|Any CPU
	EndGlobalSection
	GlobalSection(ProjectConfigurationPlatforms) = postSolution
		{5AA54231-06C0-44B5-A411-317EC9D0F52A}.Debug|Any CPU.ActiveCfg = Debug|Any CPU
		{5AA54231-06C0-44B5-A411-317EC9D0F52A}.Debug|Any CPU.Build.0 = Debug|Any CPU
		{5AA54231-06C0-44B5-A411-317EC9D0F52A}.Release|Any CPU.ActiveCfg = Release|Any CPU
		{5AA54231-06C0-44B5-A411-317EC9D0F52A}.Release|Any CPU.Build.0 = Release|Any CPU
	EndGlobalSection
	GlobalSection(SolutionProperties) = preSolution
		HideSolutionNode = FALSE
	EndGlobalSection
	GlobalSection(ExtensibilityGlobals) = postSolution
		SolutionGuid = {4080AA65-6A02-4847-8DC6-48EDC2B5393B}
	EndGlobalSection
EndGlobal
