
Microsoft Visual Studio Solution File, Format Version 12.00
# Visual Studio Version 16
VisualStudioVersion = 16.0.31402.337
MinimumVisualStudioVersion = 10.0.40219.1
Project("{FAE04EC0-301F-11D3-BF4B-00C04F79EFBC}") = "Loops", "Loops\Loops.csproj", "{CA74B309-BC7E-4C93-A7CF-43353E6EE83E}"
EndProject
Global
	GlobalSection(SolutionConfigurationPlatforms) = preSolution
		Debug|Any CPU = Debug|Any CPU
		Release|Any CPU = Release|Any CPU
	EndGlobalSection
	GlobalSection(ProjectConfigurationPlatforms) = postSolution
		{CA74B309-BC7E-4C93-A7CF-43353E6EE83E}.Debug|Any CPU.ActiveCfg = Debug|Any CPU
		{CA74B309-BC7E-4C93-A7CF-43353E6EE83E}.Debug|Any CPU.Build.0 = Debug|Any CPU
		{CA74B309-BC7E-4C93-A7CF-43353E6EE83E}.Release|Any CPU.ActiveCfg = Release|Any CPU
		{CA74B309-BC7E-4C93-A7CF-43353E6EE83E}.Release|Any CPU.Build.0 = Release|Any CPU
	EndGlobalSection
	GlobalSection(SolutionProperties) = preSolution
		HideSolutionNode = FALSE
	EndGlobalSection
	GlobalSection(ExtensibilityGlobals) = postSolution
		SolutionGuid = {6F763421-9E5A-400B-89C5-446B54B2D9BC}
	EndGlobalSection
EndGlobal
