
Microsoft Visual Studio Solution File, Format Version 12.00
# Visual Studio Version 16
VisualStudioVersion = 16.0.31402.337
MinimumVisualStudioVersion = 10.0.40219.1
Project("{FAE04EC0-301F-11D3-BF4B-00C04F79EFBC}") = "NewsletterAppMVC", "NewsletterAppMVC\NewsletterAppMVC.csproj", "{396FB5F1-657C-46F9-8AD4-71DE5CE029F3}"
EndProject
Global
	GlobalSection(SolutionConfigurationPlatforms) = preSolution
		Debug|Any CPU = Debug|Any CPU
		Release|Any CPU = Release|Any CPU
	EndGlobalSection
	GlobalSection(ProjectConfigurationPlatforms) = postSolution
		{396FB5F1-657C-46F9-8AD4-71DE5CE029F3}.Debug|Any CPU.ActiveCfg = Debug|Any CPU
		{396FB5F1-657C-46F9-8AD4-71DE5CE029F3}.Debug|Any CPU.Build.0 = Debug|Any CPU
		{396FB5F1-657C-46F9-8AD4-71DE5CE029F3}.Release|Any CPU.ActiveCfg = Release|Any CPU
		{396FB5F1-657C-46F9-8AD4-71DE5CE029F3}.Release|Any CPU.Build.0 = Release|Any CPU
	EndGlobalSection
	GlobalSection(SolutionProperties) = preSolution
		HideSolutionNode = FALSE
	EndGlobalSection
	GlobalSection(ExtensibilityGlobals) = postSolution
		SolutionGuid = {B2483A09-26DA-4E48-867A-B6A5272C3698}
	EndGlobalSection
EndGlobal
