
Microsoft Visual Studio Solution File, Format Version 12.00
# Visual Studio Version 16
VisualStudioVersion = 16.0.31402.337
MinimumVisualStudioVersion = 10.0.40219.1
Project("{FAE04EC0-301F-11D3-BF4B-00C04F79EFBC}") = "Branching", "Branching\Branching.csproj", "{8FC86707-0946-4A68-990E-8F18DEE2A7ED}"
EndProject
Global
	GlobalSection(SolutionConfigurationPlatforms) = preSolution
		Debug|Any CPU = Debug|Any CPU
		Release|Any CPU = Release|Any CPU
	EndGlobalSection
	GlobalSection(ProjectConfigurationPlatforms) = postSolution
		{8FC86707-0946-4A68-990E-8F18DEE2A7ED}.Debug|Any CPU.ActiveCfg = Debug|Any CPU
		{8FC86707-0946-4A68-990E-8F18DEE2A7ED}.Debug|Any CPU.Build.0 = Debug|Any CPU
		{8FC86707-0946-4A68-990E-8F18DEE2A7ED}.Release|Any CPU.ActiveCfg = Release|Any CPU
		{8FC86707-0946-4A68-990E-8F18DEE2A7ED}.Release|Any CPU.Build.0 = Release|Any CPU
	EndGlobalSection
	GlobalSection(SolutionProperties) = preSolution
		HideSolutionNode = FALSE
	EndGlobalSection
	GlobalSection(ExtensibilityGlobals) = postSolution
		SolutionGuid = {45CA0B17-126E-46E1-A982-0DA13D1E09FE}
	EndGlobalSection
EndGlobal
