
Microsoft Visual Studio Solution File, Format Version 12.00
# Visual Studio Version 16
VisualStudioVersion = 16.0.31402.337
MinimumVisualStudioVersion = 10.0.40219.1
Project("{FAE04EC0-301F-11D3-BF4B-00C04F79EFBC}") = "PracticeOperators", "PracticeOperators\PracticeOperators.csproj", "{63788DAA-22DE-401A-BD5A-DBE23AC9F218}"
EndProject
Global
	GlobalSection(SolutionConfigurationPlatforms) = preSolution
		Debug|Any CPU = Debug|Any CPU
		Release|Any CPU = Release|Any CPU
	EndGlobalSection
	GlobalSection(ProjectConfigurationPlatforms) = postSolution
		{63788DAA-22DE-401A-BD5A-DBE23AC9F218}.Debug|Any CPU.ActiveCfg = Debug|Any CPU
		{63788DAA-22DE-401A-BD5A-DBE23AC9F218}.Debug|Any CPU.Build.0 = Debug|Any CPU
		{63788DAA-22DE-401A-BD5A-DBE23AC9F218}.Release|Any CPU.ActiveCfg = Release|Any CPU
		{63788DAA-22DE-401A-BD5A-DBE23AC9F218}.Release|Any CPU.Build.0 = Release|Any CPU
	EndGlobalSection
	GlobalSection(SolutionProperties) = preSolution
		HideSolutionNode = FALSE
	EndGlobalSection
	GlobalSection(ExtensibilityGlobals) = postSolution
		SolutionGuid = {8CCA4DD5-272E-4A15-9A1E-4B5E670F96FC}
	EndGlobalSection
EndGlobal
