
Microsoft Visual Studio Solution File, Format Version 12.00
# Visual Studio Version 16
VisualStudioVersion = 16.0.31402.337
MinimumVisualStudioVersion = 10.0.40219.1
Project("{FAE04EC0-301F-11D3-BF4B-00C04F79EFBC}") = "MainMethod", "MainMethod\MainMethod.csproj", "{C9EBF271-F917-421D-B736-D1AA1B02E7FC}"
EndProject
Global
	GlobalSection(SolutionConfigurationPlatforms) = preSolution
		Debug|Any CPU = Debug|Any CPU
		Release|Any CPU = Release|Any CPU
	EndGlobalSection
	GlobalSection(ProjectConfigurationPlatforms) = postSolution
		{C9EBF271-F917-421D-B736-D1AA1B02E7FC}.Debug|Any CPU.ActiveCfg = Debug|Any CPU
		{C9EBF271-F917-421D-B736-D1AA1B02E7FC}.Debug|Any CPU.Build.0 = Debug|Any CPU
		{C9EBF271-F917-421D-B736-D1AA1B02E7FC}.Release|Any CPU.ActiveCfg = Release|Any CPU
		{C9EBF271-F917-421D-B736-D1AA1B02E7FC}.Release|Any CPU.Build.0 = Release|Any CPU
	EndGlobalSection
	GlobalSection(SolutionProperties) = preSolution
		HideSolutionNode = FALSE
	EndGlobalSection
	GlobalSection(ExtensibilityGlobals) = postSolution
		SolutionGuid = {E6DBF845-FF0C-4B88-8808-5B2908F30C94}
	EndGlobalSection
EndGlobal
