
Microsoft Visual Studio Solution File, Format Version 12.00
# Visual Studio Version 16
VisualStudioVersion = 16.0.31402.337
MinimumVisualStudioVersion = 10.0.40219.1
Project("{FAE04EC0-301F-11D3-BF4B-00C04F79EFBC}") = "TwentyOneGame1", "TwentyOneGame1\TwentyOneGame1.csproj", "{97E6107C-D961-463A-B207-154B551C0ECD}"
EndProject
Global
	GlobalSection(SolutionConfigurationPlatforms) = preSolution
		Debug|Any CPU = Debug|Any CPU
		Release|Any CPU = Release|Any CPU
	EndGlobalSection
	GlobalSection(ProjectConfigurationPlatforms) = postSolution
		{97E6107C-D961-463A-B207-154B551C0ECD}.Debug|Any CPU.ActiveCfg = Debug|Any CPU
		{97E6107C-D961-463A-B207-154B551C0ECD}.Debug|Any CPU.Build.0 = Debug|Any CPU
		{97E6107C-D961-463A-B207-154B551C0ECD}.Release|Any CPU.ActiveCfg = Release|Any CPU
		{97E6107C-D961-463A-B207-154B551C0ECD}.Release|Any CPU.Build.0 = Release|Any CPU
	EndGlobalSection
	GlobalSection(SolutionProperties) = preSolution
		HideSolutionNode = FALSE
	EndGlobalSection
	GlobalSection(ExtensibilityGlobals) = postSolution
		SolutionGuid = {A3F87348-F7E7-461A-9B54-3B94E9DD9E27}
	EndGlobalSection
EndGlobal
